
Microsoft Visual Studio Solution File, Format Version 12.00
# Visual Studio Version 17
VisualStudioVersion = 17.13.35825.156 d17.13
MinimumVisualStudioVersion = 10.0.40219.1
Project("{FAE04EC0-301F-11D3-BF4B-00C04F79EFBC}") = "Practica 2 Doc 3", "Practica 2 Doc 3\Practica 2 Doc 3.csproj", "{F691A2E2-55C5-4488-A4A0-8B396BC4CBD8}"
EndProject
Global
	GlobalSection(SolutionConfigurationPlatforms) = preSolution
		Debug|Any CPU = Debug|Any CPU
		Release|Any CPU = Release|Any CPU
	EndGlobalSection
	GlobalSection(ProjectConfigurationPlatforms) = postSolution
		{F691A2E2-55C5-4488-A4A0-8B396BC4CBD8}.Debug|Any CPU.ActiveCfg = Debug|Any CPU
		{F691A2E2-55C5-4488-A4A0-8B396BC4CBD8}.Debug|Any CPU.Build.0 = Debug|Any CPU
		{F691A2E2-55C5-4488-A4A0-8B396BC4CBD8}.Release|Any CPU.ActiveCfg = Release|Any CPU
		{F691A2E2-55C5-4488-A4A0-8B396BC4CBD8}.Release|Any CPU.Build.0 = Release|Any CPU
	EndGlobalSection
	GlobalSection(SolutionProperties) = preSolution
		HideSolutionNode = FALSE
	EndGlobalSection
	GlobalSection(ExtensibilityGlobals) = postSolution
		SolutionGuid = {90503784-897E-4310-813B-70178C9EAA0D}
	EndGlobalSection
EndGlobal
