
Microsoft Visual Studio Solution File, Format Version 12.00
# Visual Studio Version 17
VisualStudioVersion = 17.13.35825.156 d17.13
MinimumVisualStudioVersion = 10.0.40219.1
Project("{FAE04EC0-301F-11D3-BF4B-00C04F79EFBC}") = "Practica 2 Doc 2", "Practica 2 Doc 2\Practica 2 Doc 2.csproj", "{8C84EF56-156B-4C9B-AFFD-7E10F70A3CBB}"
EndProject
Global
	GlobalSection(SolutionConfigurationPlatforms) = preSolution
		Debug|Any CPU = Debug|Any CPU
		Release|Any CPU = Release|Any CPU
	EndGlobalSection
	GlobalSection(ProjectConfigurationPlatforms) = postSolution
		{8C84EF56-156B-4C9B-AFFD-7E10F70A3CBB}.Debug|Any CPU.ActiveCfg = Debug|Any CPU
		{8C84EF56-156B-4C9B-AFFD-7E10F70A3CBB}.Debug|Any CPU.Build.0 = Debug|Any CPU
		{8C84EF56-156B-4C9B-AFFD-7E10F70A3CBB}.Release|Any CPU.ActiveCfg = Release|Any CPU
		{8C84EF56-156B-4C9B-AFFD-7E10F70A3CBB}.Release|Any CPU.Build.0 = Release|Any CPU
	EndGlobalSection
	GlobalSection(SolutionProperties) = preSolution
		HideSolutionNode = FALSE
	EndGlobalSection
	GlobalSection(ExtensibilityGlobals) = postSolution
		SolutionGuid = {A520B046-071F-4E23-99AA-B7833FE9D44B}
	EndGlobalSection
EndGlobal
