
Microsoft Visual Studio Solution File, Format Version 12.00
# Visual Studio Version 17
VisualStudioVersion = 17.13.35825.156 d17.13
MinimumVisualStudioVersion = 10.0.40219.1
Project("{FAE04EC0-301F-11D3-BF4B-00C04F79EFBC}") = "Practica 7 Doc2", "Practica 7 Doc2\Practica 7 Doc2.csproj", "{A20768E4-5B4B-4F03-ABDA-C0B37536B0F4}"
EndProject
Global
	GlobalSection(SolutionConfigurationPlatforms) = preSolution
		Debug|Any CPU = Debug|Any CPU
		Release|Any CPU = Release|Any CPU
	EndGlobalSection
	GlobalSection(ProjectConfigurationPlatforms) = postSolution
		{A20768E4-5B4B-4F03-ABDA-C0B37536B0F4}.Debug|Any CPU.ActiveCfg = Debug|Any CPU
		{A20768E4-5B4B-4F03-ABDA-C0B37536B0F4}.Debug|Any CPU.Build.0 = Debug|Any CPU
		{A20768E4-5B4B-4F03-ABDA-C0B37536B0F4}.Release|Any CPU.ActiveCfg = Release|Any CPU
		{A20768E4-5B4B-4F03-ABDA-C0B37536B0F4}.Release|Any CPU.Build.0 = Release|Any CPU
	EndGlobalSection
	GlobalSection(SolutionProperties) = preSolution
		HideSolutionNode = FALSE
	EndGlobalSection
	GlobalSection(ExtensibilityGlobals) = postSolution
		SolutionGuid = {79C609D7-114A-4D95-A660-F3E64D1E921A}
	EndGlobalSection
EndGlobal
