
Microsoft Visual Studio Solution File, Format Version 12.00
# Visual Studio Version 17
VisualStudioVersion = 17.13.35825.156 d17.13
MinimumVisualStudioVersion = 10.0.40219.1
Project("{FAE04EC0-301F-11D3-BF4B-00C04F79EFBC}") = "Practica 4 Doc 3", "Practica 4 Doc 3\Practica 4 Doc 3.csproj", "{185AE222-17C6-4CE6-AA3A-A9D876C63988}"
EndProject
Global
	GlobalSection(SolutionConfigurationPlatforms) = preSolution
		Debug|Any CPU = Debug|Any CPU
		Release|Any CPU = Release|Any CPU
	EndGlobalSection
	GlobalSection(ProjectConfigurationPlatforms) = postSolution
		{185AE222-17C6-4CE6-AA3A-A9D876C63988}.Debug|Any CPU.ActiveCfg = Debug|Any CPU
		{185AE222-17C6-4CE6-AA3A-A9D876C63988}.Debug|Any CPU.Build.0 = Debug|Any CPU
		{185AE222-17C6-4CE6-AA3A-A9D876C63988}.Release|Any CPU.ActiveCfg = Release|Any CPU
		{185AE222-17C6-4CE6-AA3A-A9D876C63988}.Release|Any CPU.Build.0 = Release|Any CPU
	EndGlobalSection
	GlobalSection(SolutionProperties) = preSolution
		HideSolutionNode = FALSE
	EndGlobalSection
	GlobalSection(ExtensibilityGlobals) = postSolution
		SolutionGuid = {120DACAB-746B-483D-8B41-46B03A1869F9}
	EndGlobalSection
EndGlobal
