
Microsoft Visual Studio Solution File, Format Version 12.00
# Visual Studio Version 17
VisualStudioVersion = 17.13.35825.156 d17.13
MinimumVisualStudioVersion = 10.0.40219.1
Project("{FAE04EC0-301F-11D3-BF4B-00C04F79EFBC}") = "Practica 1 Doc 2", "Practica 1 Doc 2\Practica 1 Doc 2.csproj", "{840247E3-82D2-417E-8B93-C613E581E31E}"
EndProject
Global
	GlobalSection(SolutionConfigurationPlatforms) = preSolution
		Debug|Any CPU = Debug|Any CPU
		Release|Any CPU = Release|Any CPU
	EndGlobalSection
	GlobalSection(ProjectConfigurationPlatforms) = postSolution
		{840247E3-82D2-417E-8B93-C613E581E31E}.Debug|Any CPU.ActiveCfg = Debug|Any CPU
		{840247E3-82D2-417E-8B93-C613E581E31E}.Debug|Any CPU.Build.0 = Debug|Any CPU
		{840247E3-82D2-417E-8B93-C613E581E31E}.Release|Any CPU.ActiveCfg = Release|Any CPU
		{840247E3-82D2-417E-8B93-C613E581E31E}.Release|Any CPU.Build.0 = Release|Any CPU
	EndGlobalSection
	GlobalSection(SolutionProperties) = preSolution
		HideSolutionNode = FALSE
	EndGlobalSection
	GlobalSection(ExtensibilityGlobals) = postSolution
		SolutionGuid = {139AA778-587E-4175-B5EC-04EF441B33C5}
	EndGlobalSection
EndGlobal
