
Microsoft Visual Studio Solution File, Format Version 12.00
# Visual Studio Version 17
VisualStudioVersion = 17.13.35825.156 d17.13
MinimumVisualStudioVersion = 10.0.40219.1
Project("{FAE04EC0-301F-11D3-BF4B-00C04F79EFBC}") = "Practica 1 Doc 3", "Practica 1 Doc 3\Practica 1 Doc 3.csproj", "{B12DCC3E-0422-455E-9E77-FE7232E1AA4E}"
EndProject
Global
	GlobalSection(SolutionConfigurationPlatforms) = preSolution
		Debug|Any CPU = Debug|Any CPU
		Release|Any CPU = Release|Any CPU
	EndGlobalSection
	GlobalSection(ProjectConfigurationPlatforms) = postSolution
		{B12DCC3E-0422-455E-9E77-FE7232E1AA4E}.Debug|Any CPU.ActiveCfg = Debug|Any CPU
		{B12DCC3E-0422-455E-9E77-FE7232E1AA4E}.Debug|Any CPU.Build.0 = Debug|Any CPU
		{B12DCC3E-0422-455E-9E77-FE7232E1AA4E}.Release|Any CPU.ActiveCfg = Release|Any CPU
		{B12DCC3E-0422-455E-9E77-FE7232E1AA4E}.Release|Any CPU.Build.0 = Release|Any CPU
	EndGlobalSection
	GlobalSection(SolutionProperties) = preSolution
		HideSolutionNode = FALSE
	EndGlobalSection
	GlobalSection(ExtensibilityGlobals) = postSolution
		SolutionGuid = {271EEB85-14B6-44E4-8FEF-35B53EA54EE4}
	EndGlobalSection
EndGlobal
